// !$*UTF8*$!
{
	archiveVersion = 1;
	classes = {
	};
	objectVersion = 50;
	objects = {

/* Begin PBXBuildFile section */
		BE8303C7261EDE2A005BED19 /* AppDelegate.swift in Sources */ = {isa = PBXBuildFile; fileRef = BE8303C6261EDE2A005BED19 /* AppDelegate.swift */; };
		BE8303C9261EDE2A005BED19 /* SceneDelegate.swift in Sources */ = {isa = PBXBuildFile; fileRef = BE8303C8261EDE2A005BED19 /* SceneDelegate.swift */; };
		BE8303CB261EDE2A005BED19 /* ContentView.swift in Sources */ = {isa = PBXBuildFile; fileRef = BE8303CA261EDE2A005BED19 /* ContentView.swift */; };
		BE8303CD261EDE2D005BED19 /* Assets.xcassets in Resources */ = {isa = PBXBuildFile; fileRef = BE8303CC261EDE2D005BED19 /* Assets.xcassets */; };
		BE8303D0261EDE2D005BED19 /* Preview Assets.xcassets in Resources */ = {isa = PBXBuildFile; fileRef = BE8303CF261EDE2D005BED19 /* Preview Assets.xcassets */; };
		BE8303D3261EDE2D005BED19 /* LaunchScreen.storyboard in Resources */ = {isa = PBXBuildFile; fileRef = BE8303D1261EDE2D005BED19 /* LaunchScreen.storyboard */; };
/* End PBXBuildFile section */

/* Begin PBXFileReference section */
		BE8303C3261EDE2A005BED19 /* GuestFlag.app */ = {isa = PBXFileReference; explicitFileType = wrapper.application; includeInIndex = 0; path = GuestFlag.app; sourceTree = BUILT_PRODUCTS_DIR; };
		BE8303C6261EDE2A005BED19 /* AppDelegate.swift */ = {isa = PBXFileReference; lastKnownFileType = sourcecode.swift; path = AppDelegate.swift; sourceTree = "<group>"; };
		BE8303C8261EDE2A005BED19 /* SceneDelegate.swift */ = {isa = PBXFileReference; lastKnownFileType = sourcecode.swift; path = SceneDelegate.swift; sourceTree = "<group>"; };
		BE8303CA261EDE2A005BED19 /* ContentView.swift */ = {isa = PBXFileReference; lastKnownFileType = sourcecode.swift; path = ContentView.swift; sourceTree = "<group>"; };
		BE8303CC261EDE2D005BED19 /* Assets.xcassets */ = {isa = PBXFileReference; lastKnownFileType = folder.assetcatalog; path = Assets.xcassets; sourceTree = "<group>"; };
		BE8303CF261EDE2D005BED19 /* Preview Assets.xcassets */ = {isa = PBXFileReference; lastKnownFileType = folder.assetcatalog; path = "Preview Assets.xcassets"; sourceTree = "<group>"; };
		BE8303D2261EDE2D005BED19 /* Base */ = {isa = PBXFileReference; lastKnownFileType = file.storyboard; name = Base; path = Base.lproj/LaunchScreen.storyboard; sourceTree = "<group>"; };
		BE8303D4261EDE2D005BED19 /* Info.plist */ = {isa = PBXFileReference; lastKnownFileType = text.plist.xml; path = Info.plist; sourceTree = "<group>"; };
/* End PBXFileReference section */

/* Begin PBXFrameworksBuildPhase section */
		BE8303C0261EDE2A005BED19 /* Frameworks */ = {
			isa = PBXFrameworksBuildPhase;
			buildActionMask = 2147483647;
			files = (
			);
			runOnlyForDeploymentPostprocessing = 0;
		};
/* End PBXFrameworksBuildPhase section */

/* Begin PBXGroup section */
		BE8303BA261EDE2A005BED19 = {
			isa = PBXGroup;
			children = (
				BE8303C5261EDE2A005BED19 /* GuestFlag */,
				BE8303C4261EDE2A005BED19 /* Products */,
			);
			sourceTree = "<group>";
		};
		BE8303C4261EDE2A005BED19 /* Products */ = {
			isa = PBXGroup;
			children = (
				BE8303C3261EDE2A005BED19 /* GuestFlag.app */,
			);
			name = Products;
			sourceTree = "<group>";
		};
		BE8303C5261EDE2A005BED19 /* GuestFlag */ = {
			isa = PBXGroup;
			children = (
				BE8303C6261EDE2A005BED19 /* AppDelegate.swift */,
				BE8303C8261EDE2A005BED19 /* SceneDelegate.swift */,
				BE8303CA261EDE2A005BED19 /* ContentView.swift */,
				BE8303CC261EDE2D005BED19 /* Assets.xcassets */,
				BE8303D1261EDE2D005BED19 /* LaunchScreen.storyboard */,
				BE8303D4261EDE2D005BED19 /* Info.plist */,
				BE8303CE261EDE2D005BED19 /* Preview Content */,
			);
			path = GuestFlag;
			sourceTree = "<group>";
		};
		BE8303CE261EDE2D005BED19 /* Preview Content */ = {
			isa = PBXGroup;
			children = (
				BE8303CF261EDE2D005BED19 /* Preview Assets.xcassets */,
			);
			path = "Preview Content";
			sourceTree = "<group>";
		};
/* End PBXGroup section */

/* Begin PBXNativeTarget section */
		BE8303C2261EDE2A005BED19 /* GuestFlag */ = {
			isa = PBXNativeTarget;
			buildConfigurationList = BE8303D7261EDE2E005BED19 /* Build configuration list for PBXNativeTarget "GuestFlag" */;
			buildPhases = (
				BE8303BF261EDE2A005BED19 /* Sources */,
				BE8303C0261EDE2A005BED19 /* Frameworks */,
				BE8303C1261EDE2A005BED19 /* Resources */,
			);
			buildRules = (
			);
			dependencies = (
			);
			name = GuestFlag;
			productName = GuestFlag;
			productReference = BE8303C3261EDE2A005BED19 /* GuestFlag.app */;
			productType = "com.apple.product-type.application";
		};
/* End PBXNativeTarget section */

/* Begin PBXProject section */
		BE8303BB261EDE2A005BED19 /* Project object */ = {
			isa = PBXProject;
			attributes = {
				LastSwiftUpdateCheck = 1220;
				LastUpgradeCheck = 1220;
				TargetAttributes = {
					BE8303C2261EDE2A005BED19 = {
						CreatedOnToolsVersion = 12.2;
					};
				};
			};
			buildConfigurationList = BE8303BE261EDE2A005BED19 /* Build configuration list for PBXProject "GuestFlag" */;
			compatibilityVersion = "Xcode 9.3";
			developmentRegion = en;
			hasScannedForEncodings = 0;
			knownRegions = (
				en,
				Base,
			);
			mainGroup = BE8303BA261EDE2A005BED19;
			productRefGroup = BE8303C4261EDE2A005BED19 /* Products */;
			projectDirPath = "";
			projectRoot = "";
			targets = (
				BE8303C2261EDE2A005BED19 /* GuestFlag */,
			);
		};
/* End PBXProject section */

/* Begin PBXResourcesBuildPhase section */
		BE8303C1261EDE2A005BED19 /* Resources */ = {
			isa = PBXResourcesBuildPhase;
			buildActionMask = 2147483647;
			files = (
				BE8303D3261EDE2D005BED19 /* LaunchScreen.storyboard in Resources */,
				BE8303D0261EDE2D005BED19 /* Preview Assets.xcassets in Resources */,
				BE8303CD261EDE2D005BED19 /* Assets.xcassets in Resources */,
			);
			runOnlyForDeploymentPostprocessing = 0;
		};
/* End PBXResourcesBuildPhase section */

/* Begin PBXSourcesBuildPhase section */
		BE8303BF261EDE2A005BED19 /* Sources */ = {
			isa = PBXSourcesBuildPhase;
			buildActionMask = 2147483647;
			files = (
				BE8303C7261EDE2A005BED19 /* AppDelegate.swift in Sources */,
				BE8303C9261EDE2A005BED19 /* SceneDelegate.swift in Sources */,
				BE8303CB261EDE2A005BED19 /* ContentView.swift in Sources */,
			);
			runOnlyForDeploymentPostprocessing = 0;
		};
/* End PBXSourcesBuildPhase section */

/* Begin PBXVariantGroup section */
		BE8303D1261EDE2D005BED19 /* LaunchScreen.storyboard */ = {
			isa = PBXVariantGroup;
			children = (
				BE8303D2261EDE2D005BED19 /* Base */,
			);
			name = LaunchScreen.storyboard;
			sourceTree = "<group>";
		};
/* End PBXVariantGroup section */

/* Begin XCBuildConfiguration section */
		BE8303D5261EDE2D005BED19 /* Debug */ = {
			isa = XCBuildConfiguration;
			buildSettings = {
				ALWAYS_SEARCH_USER_PATHS = NO;
				CLANG_ANALYZER_NONNULL = YES;
				CLANG_ANALYZER_NUMBER_OBJECT_CONVERSION = YES_AGGRESSIVE;
				CLANG_CXX_LANGUAGE_STANDARD = "gnu++14";
				CLANG_CXX_LIBRARY = "libc++";
				CLANG_ENABLE_MODULES = YES;
				CLANG_ENABLE_OBJC_ARC = YES;
				CLANG_ENABLE_OBJC_WEAK = YES;
				CLANG_WARN_BLOCK_CAPTURE_AUTORELEASING = YES;
				CLANG_WARN_BOOL_CONVERSION = YES;
				CLANG_WARN_COMMA = YES;
				CLANG_WARN_CONSTANT_CONVERSION = YES;
				CLANG_WARN_DEPRECATED_OBJC_IMPLEMENTATIONS = YES;
				CLANG_WARN_DIRECT_OBJC_ISA_USAGE = YES_ERROR;
				CLANG_WARN_DOCUMENTATION_COMMENTS = YES;
				CLANG_WARN_EMPTY_BODY = YES;
				CLANG_WARN_ENUM_CONVERSION = YES;
				CLANG_WARN_INFINITE_RECURSION = YES;
				CLANG_WARN_INT_CONVERSION = YES;
				CLANG_WARN_NON_LITERAL_NULL_CONVERSION = YES;
				CLANG_WARN_OBJC_IMPLICIT_RETAIN_SELF = YES;
				CLANG_WARN_OBJC_LITERAL_CONVERSION = YES;
				CLANG_WARN_OBJC_ROOT_CLASS = YES_ERROR;
				CLANG_WARN_QUOTED_INCLUDE_IN_FRAMEWORK_HEADER = YES;
				CLANG_WARN_RANGE_LOOP_ANALYSIS = YES;
				CLANG_WARN_STRICT_PROTOTYPES = YES;
				CLANG_WARN_SUSPICIOUS_MOVE = YES;
				CLANG_WARN_UNGUARDED_AVAILABILITY = YES_AGGRESSIVE;
				CLANG_WARN_UNREACHABLE_CODE = YES;
				CLANG_WARN__DUPLICATE_METHOD_MATCH = YES;
				COPY_PHASE_STRIP = NO;
				DEBUG_INFORMATION_FORMAT = dwarf;
				ENABLE_STRICT_OBJC_MSGSEND = YES;
				ENABLE_TESTABILITY = YES;
				GCC_C_LANGUAGE_STANDARD = gnu11;
				GCC_DYNAMIC_NO_PIC = NO;
				GCC_NO_COMMON_BLOCKS = YES;
				GCC_OPTIMIZATION_LEVEL = 0;
				GCC_PREPROCESSOR_DEFINITIONS = (
					"DEBUG=1",
					"$(inherited)",
				);
				GCC_WARN_64_TO_32_BIT_CONVERSION = YES;
				GCC_WARN_ABOUT_RETURN_TYPE = YES_ERROR;
				GCC_WARN_UNDECLARED_SELECTOR = YES;
				GCC_WARN_UNINITIALIZED_AUTOS = YES_AGGRESSIVE;
				GCC_WARN_UNUSED_FUNCTION = YES;
				GCC_WARN_UNUSED_VARIABLE = YES;
				IPHONEOS_DEPLOYMENT_TARGET = 14.2;
				MTL_ENABLE_DEBUG_INFO = INCLUDE_SOURCE;
				MTL_FAST_MATH = YES;
				ONLY_ACTIVE_ARCH = YES;
				SDKROOT = iphoneos;
				SWIFT_ACTIVE_COMPILATION_CONDITIONS = DEBUG;
				SWIFT_OPTIMIZATION_LEVEL = "-Onone";
			};
			name = Debug;
		};
		BE8303D6261EDE2D005BED19 /* Release */ = {
			isa = XCBuildConfiguration;
			buildSettings = {
				ALWAYS_SEARCH_USER_PATHS = NO;
				CLANG_ANALYZER_NONNULL = YES;
				CLANG_ANALYZER_NUMBER_OBJECT_CONVERSION = YES_AGGRESSIVE;
				CLANG_CXX_LANGUAGE_STANDARD = "gnu++14";
				CLANG_CXX_LIBRARY = "libc++";
				CLANG_ENABLE_MODULES = YES;
				CLANG_ENABLE_OBJC_ARC = YES;
				CLANG_ENABLE_OBJC_WEAK = YES;
				CLANG_WARN_BLOCK_CAPTURE_AUTORELEASING = YES;
				CLANG_WARN_BOOL_CONVERSION = YES;
				CLANG_WARN_COMMA = YES;
				CLANG_WARN_CONSTANT_CONVERSION = YES;
				CLANG_WARN_DEPRECATED_OBJC_IMPLEMENTATIONS = YES;
				CLANG_WARN_DIRECT_OBJC_ISA_USAGE = YES_ERROR;
				CLANG_WARN_DOCUMENTATION_COMMENTS = YES;
				CLANG_WARN_EMPTY_BODY = YES;
				CLANG_WARN_ENUM_CONVERSION = YES;
				CLANG_WARN_INFINITE_RECURSION = YES;
				CLANG_WARN_INT_CONVERSION = YES;
				CLANG_WARN_NON_LITERAL_NULL_CONVERSION = YES;
				CLANG_WARN_OBJC_IMPLICIT_RETAIN_SELF = YES;
				CLANG_WARN_OBJC_LITERAL_CONVERSION = YES;
				CLANG_WARN_OBJC_ROOT_CLASS = YES_ERROR;
				CLANG_WARN_QUOTED_INCLUDE_IN_FRAMEWORK_HEADER = YES;
				CLANG_WARN_RANGE_LOOP_ANALYSIS = YES;
				CLANG_WARN_STRICT_PROTOTYPES = YES;
				CLANG_WARN_SUSPICIOUS_MOVE = YES;
				CLANG_WARN_UNGUARDED_AVAILABILITY = YES_AGGRESSIVE;
				CLANG_WARN_UNREACHABLE_CODE = YES;
				CLANG_WARN__DUPLICATE_METHOD_MATCH = YES;
				COPY_PHASE_STRIP = NO;
				DEBUG_INFORMATION_FORMAT = "dwarf-with-dsym";
				ENABLE_NS_ASSERTIONS = NO;
				ENABLE_STRICT_OBJC_MSGSEND = YES;
				GCC_C_LANGUAGE_STANDARD = gnu11;
				GCC_NO_COMMON_BLOCKS = YES;
				GCC_WARN_64_TO_32_BIT_CONVERSION = YES;
				GCC_WARN_ABOUT_RETURN_TYPE = YES_ERROR;
				GCC_WARN_UNDECLARED_SELECTOR = YES;
				GCC_WARN_UNINITIALIZED_AUTOS = YES_AGGRESSIVE;
				GCC_WARN_UNUSED_FUNCTION = YES;
				GCC_WARN_UNUSED_VARIABLE = YES;
				IPHONEOS_DEPLOYMENT_TARGET = 14.2;
				MTL_ENABLE_DEBUG_INFO = NO;
				MTL_FAST_MATH = YES;
				SDKROOT = iphoneos;
				SWIFT_COMPILATION_MODE = wholemodule;
				SWIFT_OPTIMIZATION_LEVEL = "-O";
				VALIDATE_PRODUCT = YES;
			};
			name = Release;
		};
		BE8303D8261EDE2E005BED19 /* Debug */ = {
			isa = XCBuildConfiguration;
			buildSettings = {
				ASSETCATALOG_COMPILER_APPICON_NAME = AppIcon;
				ASSETCATALOG_COMPILER_GLOBAL_ACCENT_COLOR_NAME = AccentColor;
				CODE_SIGN_STYLE = Automatic;
				DEVELOPMENT_ASSET_PATHS = "\"GuestFlag/Preview Content\"";
				DEVELOPMENT_TEAM = G6H729FCY9;
				ENABLE_PREVIEWS = YES;
				INFOPLIST_FILE = GuestFlag/Info.plist;
				LD_RUNPATH_SEARCH_PATHS = (
					"$(inherited)",
					"@executable_path/Frameworks",
				);
				PRODUCT_BUNDLE_IDENTIFIER = com.azzam.GuestFlag;
				PRODUCT_NAME = "$(TARGET_NAME)";
				SWIFT_VERSION = 5.0;
				TARGETED_DEVICE_FAMILY = "1,2";
			};
			name = Debug;
		};
		BE8303D9261EDE2E005BED19 /* Release */ = {
			isa = XCBuildConfiguration;
			buildSettings = {
				ASSETCATALOG_COMPILER_APPICON_NAME = AppIcon;
				ASSETCATALOG_COMPILER_GLOBAL_ACCENT_COLOR_NAME = AccentColor;
				CODE_SIGN_STYLE = Automatic;
				DEVELOPMENT_ASSET_PATHS = "\"GuestFlag/Preview Content\"";
				DEVELOPMENT_TEAM = G6H729FCY9;
				ENABLE_PREVIEWS = YES;
				INFOPLIST_FILE = GuestFlag/Info.plist;
				LD_RUNPATH_SEARCH_PATHS = (
					"$(inherited)",
					"@executable_path/Frameworks",
				);
				PRODUCT_BUNDLE_IDENTIFIER = com.azzam.GuestFlag;
				PRODUCT_NAME = "$(TARGET_NAME)";
				SWIFT_VERSION = 5.0;
				TARGETED_DEVICE_FAMILY = "1,2";
			};
			name = Release;
		};
/* End XCBuildConfiguration section */

/* Begin XCConfigurationList section */
		BE8303BE261EDE2A005BED19 /* Build configuration list for PBXProject "GuestFlag" */ = {
			isa = XCConfigurationList;
			buildConfigurations = (
				BE8303D5261EDE2D005BED19 /* Debug */,
				BE8303D6261EDE2D005BED19 /* Release */,
			);
			defaultConfigurationIsVisible = 0;
			defaultConfigurationName = Release;
		};
		BE8303D7261EDE2E005BED19 /* Build configuration list for PBXNativeTarget "GuestFlag" */ = {
			isa = XCConfigurationList;
			buildConfigurations = (
				BE8303D8261EDE2E005BED19 /* Debug */,
				BE8303D9261EDE2E005BED19 /* Release */,
			);
			defaultConfigurationIsVisible = 0;
			defaultConfigurationName = Release;
		};
/* End XCConfigurationList section */
	};
	rootObject = BE8303BB261EDE2A005BED19 /* Project object */;
}
